// !$*UTF8*$!
{
	archiveVersion = 1;
	classes = {
	};
	objectVersion = 56;
	objects = {

/* Begin PBXBuildFile section */
		03958AA52BA7C08D0049F7B1 /* CoffeeMapApp.swift in Sources */ = {isa = PBXBuildFile; fileRef = 03958AA42BA7C08D0049F7B1 /* CoffeeMapApp.swift */; };
		03958AA72BA7C0DE0049F7B1 /* CoffeeMapViewModel.swift in Sources */ = {isa = PBXBuildFile; fileRef = 03958AA62BA7C0DE0049F7B1 /* CoffeeMapViewModel.swift */; };
		03958AAA2BA7C11C0049F7B1 /* CoffeeMapView.swift in Sources */ = {isa = PBXBuildFile; fileRef = 03958AA92BA7C11C0049F7B1 /* CoffeeMapView.swift */; };
		03958AAC2BA7C14E0049F7B1 /* MapView.swift in Sources */ = {isa = PBXBuildFile; fileRef = 03958AAB2BA7C14E0049F7B1 /* MapView.swift */; };
		B890B58A2B35E14300B3F761 /* Assets.xcassets in Resources */ = {isa = PBXBuildFile; fileRef = B890B5892B35E14300B3F761 /* Assets.xcassets */; };
		B890B5952B35F92200B3F761 /* CoffeeShopAnnotation.swift in Sources */ = {isa = PBXBuildFile; fileRef = B890B5942B35F92200B3F761 /* CoffeeShopAnnotation.swift */; };
/* End PBXBuildFile section */

/* Begin PBXFileReference section */
		03958AA42BA7C08D0049F7B1 /* CoffeeMapApp.swift */ = {isa = PBXFileReference; lastKnownFileType = sourcecode.swift; path = CoffeeMapApp.swift; sourceTree = "<group>"; };
		03958AA62BA7C0DE0049F7B1 /* CoffeeMapViewModel.swift */ = {isa = PBXFileReference; lastKnownFileType = sourcecode.swift; path = CoffeeMapViewModel.swift; sourceTree = "<group>"; };
		03958AA92BA7C11C0049F7B1 /* CoffeeMapView.swift */ = {isa = PBXFileReference; lastKnownFileType = sourcecode.swift; path = CoffeeMapView.swift; sourceTree = "<group>"; };
		03958AAB2BA7C14E0049F7B1 /* MapView.swift */ = {isa = PBXFileReference; lastKnownFileType = sourcecode.swift; path = MapView.swift; sourceTree = "<group>"; };
		B890B57D2B35E14000B3F761 /* CoffeeMap.app */ = {isa = PBXFileReference; explicitFileType = wrapper.application; includeInIndex = 0; path = CoffeeMap.app; sourceTree = BUILT_PRODUCTS_DIR; };
		B890B5892B35E14300B3F761 /* Assets.xcassets */ = {isa = PBXFileReference; lastKnownFileType = folder.assetcatalog; path = Assets.xcassets; sourceTree = "<group>"; };
		B890B58E2B35E14300B3F761 /* Info.plist */ = {isa = PBXFileReference; lastKnownFileType = text.plist.xml; path = Info.plist; sourceTree = "<group>"; };
		B890B5942B35F92200B3F761 /* CoffeeShopAnnotation.swift */ = {isa = PBXFileReference; lastKnownFileType = sourcecode.swift; path = CoffeeShopAnnotation.swift; sourceTree = "<group>"; };
/* End PBXFileReference section */

/* Begin PBXFrameworksBuildPhase section */
		B890B57A2B35E14000B3F761 /* Frameworks */ = {
			isa = PBXFrameworksBuildPhase;
			buildActionMask = 2147483647;
			files = (
			);
			runOnlyForDeploymentPostprocessing = 0;
		};
/* End PBXFrameworksBuildPhase section */

/* Begin PBXGroup section */
		03958AA82BA7C0FE0049F7B1 /* Views */ = {
			isa = PBXGroup;
			children = (
				03958AA92BA7C11C0049F7B1 /* CoffeeMapView.swift */,
				03958AAB2BA7C14E0049F7B1 /* MapView.swift */,
			);
			path = Views;
			sourceTree = "<group>";
		};
		37ED749A2B6CF732007065DC /* App */ = {
			isa = PBXGroup;
			children = (
				B890B5892B35E14300B3F761 /* Assets.xcassets */,
				B890B58E2B35E14300B3F761 /* Info.plist */,
				03958AA42BA7C08D0049F7B1 /* CoffeeMapApp.swift */,
			);
			path = App;
			sourceTree = "<group>";
		};
		37ED749C2B6CF80E007065DC /* Models */ = {
			isa = PBXGroup;
			children = (
				B890B5942B35F92200B3F761 /* CoffeeShopAnnotation.swift */,
				03958AA62BA7C0DE0049F7B1 /* CoffeeMapViewModel.swift */,
			);
			path = Models;
			sourceTree = "<group>";
		};
		B890B5742B35E14000B3F761 = {
			isa = PBXGroup;
			children = (
				B890B57F2B35E14000B3F761 /* CoffeeMap */,
				B890B57E2B35E14000B3F761 /* Products */,
			);
			sourceTree = "<group>";
		};
		B890B57E2B35E14000B3F761 /* Products */ = {
			isa = PBXGroup;
			children = (
				B890B57D2B35E14000B3F761 /* CoffeeMap.app */,
			);
			name = Products;
			sourceTree = "<group>";
		};
		B890B57F2B35E14000B3F761 /* CoffeeMap */ = {
			isa = PBXGroup;
			children = (
				03958AA82BA7C0FE0049F7B1 /* Views */,
				37ED749C2B6CF80E007065DC /* Models */,
				37ED749A2B6CF732007065DC /* App */,
			);
			path = CoffeeMap;
			sourceTree = "<group>";
		};
/* End PBXGroup section */

/* Begin PBXNativeTarget section */
		B890B57C2B35E14000B3F761 /* CoffeeMap */ = {
			isa = PBXNativeTarget;
			buildConfigurationList = B890B5912B35E14300B3F761 /* Build configuration list for PBXNativeTarget "CoffeeMap" */;
			buildPhases = (
				B890B5792B35E14000B3F761 /* Sources */,
				B890B57A2B35E14000B3F761 /* Frameworks */,
				B890B57B2B35E14000B3F761 /* Resources */,
			);
			buildRules = (
			);
			dependencies = (
			);
			name = CoffeeMap;
			productName = exam;
			productReference = B890B57D2B35E14000B3F761 /* CoffeeMap.app */;
			productType = "com.apple.product-type.application";
		};
/* End PBXNativeTarget section */

/* Begin PBXProject section */
		B890B5752B35E14000B3F761 /* Project object */ = {
			isa = PBXProject;
			attributes = {
				BuildIndependentTargetsInParallel = 1;
				LastSwiftUpdateCheck = 1510;
				LastUpgradeCheck = 1510;
				TargetAttributes = {
					B890B57C2B35E14000B3F761 = {
						CreatedOnToolsVersion = 15.1;
					};
				};
			};
			buildConfigurationList = B890B5782B35E14000B3F761 /* Build configuration list for PBXProject "CoffeeMap" */;
			compatibilityVersion = "Xcode 14.0";
			developmentRegion = en;
			hasScannedForEncodings = 0;
			knownRegions = (
				en,
				Base,
			);
			mainGroup = B890B5742B35E14000B3F761;
			productRefGroup = B890B57E2B35E14000B3F761 /* Products */;
			projectDirPath = "";
			projectRoot = "";
			targets = (
				B890B57C2B35E14000B3F761 /* CoffeeMap */,
			);
		};
/* End PBXProject section */

/* Begin PBXResourcesBuildPhase section */
		B890B57B2B35E14000B3F761 /* Resources */ = {
			isa = PBXResourcesBuildPhase;
			buildActionMask = 2147483647;
			files = (
				B890B58A2B35E14300B3F761 /* Assets.xcassets in Resources */,
			);
			runOnlyForDeploymentPostprocessing = 0;
		};
/* End PBXResourcesBuildPhase section */

/* Begin PBXSourcesBuildPhase section */
		B890B5792B35E14000B3F761 /* Sources */ = {
			isa = PBXSourcesBuildPhase;
			buildActionMask = 2147483647;
			files = (
				03958AA52BA7C08D0049F7B1 /* CoffeeMapApp.swift in Sources */,
				03958AA72BA7C0DE0049F7B1 /* CoffeeMapViewModel.swift in Sources */,
				03958AAC2BA7C14E0049F7B1 /* MapView.swift in Sources */,
				B890B5952B35F92200B3F761 /* CoffeeShopAnnotation.swift in Sources */,
				03958AAA2BA7C11C0049F7B1 /* CoffeeMapView.swift in Sources */,
			);
			runOnlyForDeploymentPostprocessing = 0;
		};
/* End PBXSourcesBuildPhase section */

/* Begin XCBuildConfiguration section */
		B890B58F2B35E14300B3F761 /* Debug */ = {
			isa = XCBuildConfiguration;
			buildSettings = {
				ALWAYS_SEARCH_USER_PATHS = NO;
				ASSETCATALOG_COMPILER_GENERATE_SWIFT_ASSET_SYMBOL_EXTENSIONS = YES;
				CLANG_ANALYZER_NONNULL = YES;
				CLANG_ANALYZER_NUMBER_OBJECT_CONVERSION = YES_AGGRESSIVE;
				CLANG_CXX_LANGUAGE_STANDARD = "gnu++20";
				CLANG_ENABLE_MODULES = YES;
				CLANG_ENABLE_OBJC_ARC = YES;
				CLANG_ENABLE_OBJC_WEAK = YES;
				CLANG_WARN_BLOCK_CAPTURE_AUTORELEASING = YES;
				CLANG_WARN_BOOL_CONVERSION = YES;
				CLANG_WARN_COMMA = YES;
				CLANG_WARN_CONSTANT_CONVERSION = YES;
				CLANG_WARN_DEPRECATED_OBJC_IMPLEMENTATIONS = YES;
				CLANG_WARN_DIRECT_OBJC_ISA_USAGE = YES_ERROR;
				CLANG_WARN_DOCUMENTATION_COMMENTS = YES;
				CLANG_WARN_EMPTY_BODY = YES;
				CLANG_WARN_ENUM_CONVERSION = YES;
				CLANG_WARN_INFINITE_RECURSION = YES;
				CLANG_WARN_INT_CONVERSION = YES;
				CLANG_WARN_NON_LITERAL_NULL_CONVERSION = YES;
				CLANG_WARN_OBJC_IMPLICIT_RETAIN_SELF = YES;
				CLANG_WARN_OBJC_LITERAL_CONVERSION = YES;
				CLANG_WARN_OBJC_ROOT_CLASS = YES_ERROR;
				CLANG_WARN_QUOTED_INCLUDE_IN_FRAMEWORK_HEADER = YES;
				CLANG_WARN_RANGE_LOOP_ANALYSIS = YES;
				CLANG_WARN_STRICT_PROTOTYPES = YES;
				CLANG_WARN_SUSPICIOUS_MOVE = YES;
				CLANG_WARN_UNGUARDED_AVAILABILITY = YES_AGGRESSIVE;
				CLANG_WARN_UNREACHABLE_CODE = YES;
				CLANG_WARN__DUPLICATE_METHOD_MATCH = YES;
				COPY_PHASE_STRIP = NO;
				DEBUG_INFORMATION_FORMAT = dwarf;
				ENABLE_STRICT_OBJC_MSGSEND = YES;
				ENABLE_TESTABILITY = YES;
				ENABLE_USER_SCRIPT_SANDBOXING = YES;
				GCC_C_LANGUAGE_STANDARD = gnu17;
				GCC_DYNAMIC_NO_PIC = NO;
				GCC_NO_COMMON_BLOCKS = YES;
				GCC_OPTIMIZATION_LEVEL = 0;
				GCC_PREPROCESSOR_DEFINITIONS = (
					"DEBUG=1",
					"$(inherited)",
				);
				GCC_WARN_64_TO_32_BIT_CONVERSION = YES;
				GCC_WARN_ABOUT_RETURN_TYPE = YES_ERROR;
				GCC_WARN_UNDECLARED_SELECTOR = YES;
				GCC_WARN_UNINITIALIZED_AUTOS = YES_AGGRESSIVE;
				GCC_WARN_UNUSED_FUNCTION = YES;
				GCC_WARN_UNUSED_VARIABLE = YES;
				IPHONEOS_DEPLOYMENT_TARGET = 17.2;
				LOCALIZATION_PREFERS_STRING_CATALOGS = YES;
				MTL_ENABLE_DEBUG_INFO = INCLUDE_SOURCE;
				MTL_FAST_MATH = YES;
				ONLY_ACTIVE_ARCH = YES;
				SDKROOT = iphoneos;
				SWIFT_ACTIVE_COMPILATION_CONDITIONS = "DEBUG $(inherited)";
				SWIFT_OPTIMIZATION_LEVEL = "-Onone";
			};
			name = Debug;
		};
		B890B5902B35E14300B3F761 /* Release */ = {
			isa = XCBuildConfiguration;
			buildSettings = {
				ALWAYS_SEARCH_USER_PATHS = NO;
				ASSETCATALOG_COMPILER_GENERATE_SWIFT_ASSET_SYMBOL_EXTENSIONS = YES;
				CLANG_ANALYZER_NONNULL = YES;
				CLANG_ANALYZER_NUMBER_OBJECT_CONVERSION = YES_AGGRESSIVE;
				CLANG_CXX_LANGUAGE_STANDARD = "gnu++20";
				CLANG_ENABLE_MODULES = YES;
				CLANG_ENABLE_OBJC_ARC = YES;
				CLANG_ENABLE_OBJC_WEAK = YES;
				CLANG_WARN_BLOCK_CAPTURE_AUTORELEASING = YES;
				CLANG_WARN_BOOL_CONVERSION = YES;
				CLANG_WARN_COMMA = YES;
				CLANG_WARN_CONSTANT_CONVERSION = YES;
				CLANG_WARN_DEPRECATED_OBJC_IMPLEMENTATIONS = YES;
				CLANG_WARN_DIRECT_OBJC_ISA_USAGE = YES_ERROR;
				CLANG_WARN_DOCUMENTATION_COMMENTS = YES;
				CLANG_WARN_EMPTY_BODY = YES;
				CLANG_WARN_ENUM_CONVERSION = YES;
				CLANG_WARN_INFINITE_RECURSION = YES;
				CLANG_WARN_INT_CONVERSION = YES;
				CLANG_WARN_NON_LITERAL_NULL_CONVERSION = YES;
				CLANG_WARN_OBJC_IMPLICIT_RETAIN_SELF = YES;
				CLANG_WARN_OBJC_LITERAL_CONVERSION = YES;
				CLANG_WARN_OBJC_ROOT_CLASS = YES_ERROR;
				CLANG_WARN_QUOTED_INCLUDE_IN_FRAMEWORK_HEADER = YES;
				CLANG_WARN_RANGE_LOOP_ANALYSIS = YES;
				CLANG_WARN_STRICT_PROTOTYPES = YES;
				CLANG_WARN_SUSPICIOUS_MOVE = YES;
				CLANG_WARN_UNGUARDED_AVAILABILITY = YES_AGGRESSIVE;
				CLANG_WARN_UNREACHABLE_CODE = YES;
				CLANG_WARN__DUPLICATE_METHOD_MATCH = YES;
				COPY_PHASE_STRIP = NO;
				DEBUG_INFORMATION_FORMAT = "dwarf-with-dsym";
				ENABLE_NS_ASSERTIONS = NO;
				ENABLE_STRICT_OBJC_MSGSEND = YES;
				ENABLE_USER_SCRIPT_SANDBOXING = YES;
				GCC_C_LANGUAGE_STANDARD = gnu17;
				GCC_NO_COMMON_BLOCKS = YES;
				GCC_WARN_64_TO_32_BIT_CONVERSION = YES;
				GCC_WARN_ABOUT_RETURN_TYPE = YES_ERROR;
				GCC_WARN_UNDECLARED_SELECTOR = YES;
				GCC_WARN_UNINITIALIZED_AUTOS = YES_AGGRESSIVE;
				GCC_WARN_UNUSED_FUNCTION = YES;
				GCC_WARN_UNUSED_VARIABLE = YES;
				IPHONEOS_DEPLOYMENT_TARGET = 17.2;
				LOCALIZATION_PREFERS_STRING_CATALOGS = YES;
				MTL_ENABLE_DEBUG_INFO = NO;
				MTL_FAST_MATH = YES;
				SDKROOT = iphoneos;
				SWIFT_COMPILATION_MODE = wholemodule;
				VALIDATE_PRODUCT = YES;
			};
			name = Release;
		};
		B890B5922B35E14300B3F761 /* Debug */ = {
			isa = XCBuildConfiguration;
			buildSettings = {
				ASSETCATALOG_COMPILER_APPICON_NAME = AppIcon;
				ASSETCATALOG_COMPILER_GLOBAL_ACCENT_COLOR_NAME = AccentColor;
				CODE_SIGN_STYLE = Automatic;
				CURRENT_PROJECT_VERSION = 1;
				DEVELOPMENT_TEAM = FUD5CPHJR9;
				GENERATE_INFOPLIST_FILE = YES;
				INFOPLIST_FILE = CoffeeMap/App/Info.plist;
				INFOPLIST_KEY_UIApplicationSupportsIndirectInputEvents = YES;
				INFOPLIST_KEY_UILaunchStoryboardName = LaunchScreen;
				INFOPLIST_KEY_UISupportedInterfaceOrientations_iPad = "UIInterfaceOrientationPortrait UIInterfaceOrientationPortraitUpsideDown UIInterfaceOrientationLandscapeLeft UIInterfaceOrientationLandscapeRight";
				INFOPLIST_KEY_UISupportedInterfaceOrientations_iPhone = "UIInterfaceOrientationPortrait UIInterfaceOrientationLandscapeLeft UIInterfaceOrientationLandscapeRight";
				LD_RUNPATH_SEARCH_PATHS = (
					"$(inherited)",
					"@executable_path/Frameworks",
				);
				MARKETING_VERSION = 1.0;
				PRODUCT_BUNDLE_IDENTIFIER = su.brf.apps.CoffeeMap;
				PRODUCT_NAME = "$(TARGET_NAME)";
				SWIFT_EMIT_LOC_STRINGS = YES;
				SWIFT_VERSION = 5.0;
				TARGETED_DEVICE_FAMILY = "1,2";
			};
			name = Debug;
		};
		B890B5932B35E14300B3F761 /* Release */ = {
			isa = XCBuildConfiguration;
			buildSettings = {
				ASSETCATALOG_COMPILER_APPICON_NAME = AppIcon;
				ASSETCATALOG_COMPILER_GLOBAL_ACCENT_COLOR_NAME = AccentColor;
				CODE_SIGN_STYLE = Automatic;
				CURRENT_PROJECT_VERSION = 1;
				DEVELOPMENT_TEAM = FUD5CPHJR9;
				GENERATE_INFOPLIST_FILE = YES;
				INFOPLIST_FILE = CoffeeMap/App/Info.plist;
				INFOPLIST_KEY_UIApplicationSupportsIndirectInputEvents = YES;
				INFOPLIST_KEY_UILaunchStoryboardName = LaunchScreen;
				INFOPLIST_KEY_UISupportedInterfaceOrientations_iPad = "UIInterfaceOrientationPortrait UIInterfaceOrientationPortraitUpsideDown UIInterfaceOrientationLandscapeLeft UIInterfaceOrientationLandscapeRight";
				INFOPLIST_KEY_UISupportedInterfaceOrientations_iPhone = "UIInterfaceOrientationPortrait UIInterfaceOrientationLandscapeLeft UIInterfaceOrientationLandscapeRight";
				LD_RUNPATH_SEARCH_PATHS = (
					"$(inherited)",
					"@executable_path/Frameworks",
				);
				MARKETING_VERSION = 1.0;
				PRODUCT_BUNDLE_IDENTIFIER = su.brf.apps.CoffeeMap;
				PRODUCT_NAME = "$(TARGET_NAME)";
				SWIFT_EMIT_LOC_STRINGS = YES;
				SWIFT_VERSION = 5.0;
				TARGETED_DEVICE_FAMILY = "1,2";
			};
			name = Release;
		};
/* End XCBuildConfiguration section */

/* Begin XCConfigurationList section */
		B890B5782B35E14000B3F761 /* Build configuration list for PBXProject "CoffeeMap" */ = {
			isa = XCConfigurationList;
			buildConfigurations = (
				B890B58F2B35E14300B3F761 /* Debug */,
				B890B5902B35E14300B3F761 /* Release */,
			);
			defaultConfigurationIsVisible = 0;
			defaultConfigurationName = Release;
		};
		B890B5912B35E14300B3F761 /* Build configuration list for PBXNativeTarget "CoffeeMap" */ = {
			isa = XCConfigurationList;
			buildConfigurations = (
				B890B5922B35E14300B3F761 /* Debug */,
				B890B5932B35E14300B3F761 /* Release */,
			);
			defaultConfigurationIsVisible = 0;
			defaultConfigurationName = Release;
		};
/* End XCConfigurationList section */
	};
	rootObject = B890B5752B35E14000B3F761 /* Project object */;
}
